# THIS IS AN AUTOGENERATED FILE. DO NOT EDIT THIS FILE DIRECTLY.
# yarn lockfile v1


"@use-gesture/core@10.2.4":
  version "10.2.4"
  resolved "https://registry.yarnpkg.com/@use-gesture/core/-/core-10.2.4.tgz#139370223174b0589bd4b4f8ac7c0beb6ba64ba2"
  integrity sha512-fk1LjCBj43BKb8NE05qkdtPOR0ngA7PwgvEqfFap/h+s7QHi+JTv4/mtDQ4wI9zzem+Ry5EKrHS/cVdBehI4wA==

"@use-gesture/react@10.2.4":
  version "10.2.4"
  resolved "https://registry.yarnpkg.com/@use-gesture/react/-/react-10.2.4.tgz#b333e91b00670785ee32e8f4f1530ac6b8894bbc"
  integrity sha512-CbqyRj+qNbRBOGmS8OWtaOa29fxEr7bKTYHvPuMQ1wsgQDh2/DqQxbp7cFxAg6WZ8oZjppDj/EkWnw22WpIIWQ==
  dependencies:
    "@use-gesture/core" "10.2.4"
