# THIS IS AN AUTOGENERATED FILE. DO NOT EDIT THIS FILE DIRECTLY.
# yarn lockfile v1


react-use-gesture@^9.1.3:
  version "9.1.3"
  resolved "https://registry.yarnpkg.com/react-use-gesture/-/react-use-gesture-9.1.3.tgz#92bd143e4f58e69bd424514a5bfccba2a1d62ec0"
  integrity sha512-CdqA2SmS/fj3kkS2W8ZU8wjTbVBAIwDWaRprX7OKaj7HlGwBasGEFggmk5qNklknqk9zK/h8D355bEJFTpqEMg==
